
Microsoft Visual Studio Solution File, Format Version 12.00
# Visual Studio Version 17
VisualStudioVersion = 17.7.34031.279
MinimumVisualStudioVersion = 10.0.40219.1
Project("{FAE04EC0-301F-11D3-BF4B-00C04F79EFBC}") = "ClassLibrary1", "ClassLibrary1\ClassLibrary1.csproj", "{EDF659B7-05E3-446F-99BE-5B8C783B79FC}"
EndProject
Global
	GlobalSection(SolutionConfigurationPlatforms) = preSolution
		Debug|Any CPU = Debug|Any CPU
		Release|Any CPU = Release|Any CPU
	EndGlobalSection
	GlobalSection(ProjectConfigurationPlatforms) = postSolution
		{EDF659B7-05E3-446F-99BE-5B8C783B79FC}.Debug|Any CPU.ActiveCfg = Debug|Any CPU
		{EDF659B7-05E3-446F-99BE-5B8C783B79FC}.Debug|Any CPU.Build.0 = Debug|Any CPU
		{EDF659B7-05E3-446F-99BE-5B8C783B79FC}.Release|Any CPU.ActiveCfg = Release|Any CPU
		{EDF659B7-05E3-446F-99BE-5B8C783B79FC}.Release|Any CPU.Build.0 = Release|Any CPU
	EndGlobalSection
	GlobalSection(SolutionProperties) = preSolution
		HideSolutionNode = FALSE
	EndGlobalSection
	GlobalSection(ExtensibilityGlobals) = postSolution
		SolutionGuid = {048448D0-2753-4681-B04F-3E3A40797EA5}
	EndGlobalSection
EndGlobal
